
Microsoft Visual Studio Solution File, Format Version 12.00
# Visual Studio Version 17
VisualStudioVersion = 17.2.32630.192
MinimumVisualStudioVersion = 10.0.40219.1
Project("{FAE04EC0-301F-11D3-BF4B-00C04F79EFBC}") = "Conditional-HUD", "Conditional-HUD.csproj", "{508FCC8A-EC1C-4204-ABEF-516CAFDDC555}"
EndProject
Global
	GlobalSection(SolutionConfigurationPlatforms) = preSolution
		Debug|Any CPU = Debug|Any CPU
		Release|Any CPU = Release|Any CPU
	EndGlobalSection
	GlobalSection(ProjectConfigurationPlatforms) = postSolution
		{508FCC8A-EC1C-4204-ABEF-516CAFDDC555}.Debug|Any CPU.ActiveCfg = Debug|Any CPU
		{508FCC8A-EC1C-4204-ABEF-516CAFDDC555}.Debug|Any CPU.Build.0 = Debug|Any CPU
		{508FCC8A-EC1C-4204-ABEF-516CAFDDC555}.Release|Any CPU.ActiveCfg = Release|Any CPU
		{508FCC8A-EC1C-4204-ABEF-516CAFDDC555}.Release|Any CPU.Build.0 = Release|Any CPU
	EndGlobalSection
	GlobalSection(SolutionProperties) = preSolution
		HideSolutionNode = FALSE
	EndGlobalSection
	GlobalSection(ExtensibilityGlobals) = postSolution
		SolutionGuid = {24A44EEE-8D69-491A-A4BE-304D4FCB9E99}
	EndGlobalSection
EndGlobal
